
Microsoft Visual Studio Solution File, Format Version 12.00
# Visual Studio Version 17
VisualStudioVersion = 17.0.32014.148
MinimumVisualStudioVersion = 10.0.40219.1
Project("{FAE04EC0-301F-11D3-BF4B-00C04F79EFBC}") = "Parser", "Parser\Parser.csproj", "{655DB09F-0D0A-4B53-A1D4-937F8ED00F64}"
EndProject
Global
	GlobalSection(SolutionConfigurationPlatforms) = preSolution
		Debug|Any CPU = Debug|Any CPU
		Release|Any CPU = Release|Any CPU
	EndGlobalSection
	GlobalSection(ProjectConfigurationPlatforms) = postSolution
		{655DB09F-0D0A-4B53-A1D4-937F8ED00F64}.Debug|Any CPU.ActiveCfg = Debug|Any CPU
		{655DB09F-0D0A-4B53-A1D4-937F8ED00F64}.Debug|Any CPU.Build.0 = Debug|Any CPU
		{655DB09F-0D0A-4B53-A1D4-937F8ED00F64}.Release|Any CPU.ActiveCfg = Release|Any CPU
		{655DB09F-0D0A-4B53-A1D4-937F8ED00F64}.Release|Any CPU.Build.0 = Release|Any CPU
	EndGlobalSection
	GlobalSection(SolutionProperties) = preSolution
		HideSolutionNode = FALSE
	EndGlobalSection
	GlobalSection(ExtensibilityGlobals) = postSolution
		SolutionGuid = {ACE9F637-2285-4A0D-B8B4-08883F79923C}
	EndGlobalSection
EndGlobal
